# This file is autogenerated, do not edit; changes may be undone by the next 'dep ensure'.


[[projects]]
  digest = "1:ffe9824d294da03b391f44e1ae8281281b4afc1bdaa9588c9097785e3af10cec"
  name = "github.com/davecgh/go-spew"
  packages = ["spew"]
  pruneopts = "UT"
  revision = "8991bc29aa16c548c550c7ff78260e27b9ab7c73"
  version = "v1.1.1"

[[projects]]
  digest = "1:61a8ca58fee5891ccd5e9e0503d3cb0636fe15505a7b758d51fe38d38bfce32f"
  name = "github.com/go-redis/redis"
  packages = [
    ".",
    "internal",
    "internal/consistenthash",
    "internal/hashtag",
    "internal/pool",
    "internal/proto",
    "internal/util",
  ]
  pruneopts = "UT"
  revision = "17c058513b3e03c5e23136c18582fdd8ac8a3645"
  version = "v6.15.5"

[[projects]]
  digest = "1:808cdddf087fb64baeae67b8dfaee2069034d9704923a3cb8bd96a995421a625"
  name = "github.com/patrickmn/go-cache"
  packages = ["."]
  pruneopts = "UT"
  revision = "a3647f8e31d79543b2d0f0ae2fe5c379d72cedc0"
  version = "v2.1.0"

[[projects]]
  digest = "1:0028cb19b2e4c3112225cd871870f2d9cf49b9b4276531f03438a88e94be86fe"
  name = "github.com/pmezard/go-difflib"
  packages = ["difflib"]
  pruneopts = "UT"
  revision = "792786c7400a136282c1664665ae0a8db921c6c2"
  version = "v1.0.0"

[[projects]]
  digest = "1:fa32349cc5542a376aa32b923a8728d9674de839266b6d5270cf2725a69a7e90"
  name = "github.com/sillyhatxu/go-utils"
  packages = ["hashset"]
  pruneopts = "UT"
  revision = "9c2da95eb17676c264e163612883251133117b53"
  version = "v1.0.1"

[[projects]]
  digest = "1:2747dcaf4bf45495995ff624f5522ff2d36af38d100181ec0865427d58e3ba29"
  name = "github.com/sillyhatxu/gocache-client"
  packages = ["."]
  pruneopts = "UT"
  revision = "c6aa6062381896526336090471ef627127476bb9"
  version = "v1.0.1"

[[projects]]
  digest = "1:09e2ae6810d6bf46d65a6d074b0b7ebf2abdd6fd9c88242f1dffbd64c045a165"
  name = "github.com/sillyhatxu/id-generator"
  packages = ["."]
  pruneopts = "UT"
  revision = "15112c41fda1c414dbd344a9107d48721be1fcbe"
  version = "v1.0.1"

[[projects]]
  digest = "1:8548c309c65a85933a625be5e7d52b6ac927ca30c56869fae58123b8a77a75e1"
  name = "github.com/stretchr/testify"
  packages = ["assert"]
  pruneopts = "UT"
  revision = "221dbe5ed46703ee255b1da0dec05086f5035f62"
  version = "v1.4.0"

[[projects]]
  digest = "1:4d2e5a73dc1500038e504a8d78b986630e3626dc027bc030ba5c75da257cdb96"
  name = "gopkg.in/yaml.v2"
  packages = ["."]
  pruneopts = "UT"
  revision = "51d6538a90f86fe93ac480b35f37b2be17fef232"
  version = "v2.2.2"

[solve-meta]
  analyzer-name = "dep"
  analyzer-version = 1
  input-imports = [
    "github.com/go-redis/redis",
    "github.com/sillyhatxu/go-utils/hashset",
    "github.com/sillyhatxu/id-generator",
    "github.com/stretchr/testify/assert",
  ]
  solver-name = "gps-cdcl"
  solver-version = 1
